schema: '2.0'
stages:
  auth:
    cmd: calkit xenv -n main -- python scripts/auth.py
    deps:
    - path: requirements.txt
      hash: md5
      md5: 16e3d5a0ff701f60c20393ade2861d98
      size: 164
    - path: scripts/auth.py
      hash: md5
      md5: c60af3e7c9ba2c0984c9ee597ad1a0b6
      size: 3413
    outs:
    - path: .env
      hash: md5
      md5: 94a89a53666f71757859a2863caf7ff9
      size: 247
  get-data:
    cmd: calkit xenv -n main -- python scripts/get-data.py
    deps:
    - path: pypkg/strava.py
      hash: md5
      md5: 4d65e7053ded9df416115aed59cdae4e
      size: 3978
    - path: scripts/get-data.py
      hash: md5
      md5: de7fa36d844ca96ff57d7fcf01f29376
      size: 1218
    outs:
    - path: data/activities
      hash: md5
      md5: 88f1664b7e7483b6a4ab0ad5017a32a7.dir
      size: 1197090
      nfiles: 528
    - path: data/timeseries
      hash: md5
      md5: 847ce67128ffd1b6a9b0442c664e8a65.dir
      size: 59238797
      nfiles: 528
  plot-weekly-dists:
    cmd: calkit xenv -n main -- python scripts/plot-weekly-dists.py
    deps:
    - path: data/activities
      hash: md5
      md5: 88f1664b7e7483b6a4ab0ad5017a32a7.dir
      size: 1197090
      nfiles: 528
    - path: data/timeseries
      hash: md5
      md5: 847ce67128ffd1b6a9b0442c664e8a65.dir
      size: 59238797
      nfiles: 528
    - path: pypkg/plot.py
      hash: md5
      md5: 5ecc23fa3f9e4fbdabfdcdd62c093ed0
      size: 6383
    - path: scripts/plot-weekly-dists.py
      hash: md5
      md5: edcb3d6364594299eb8a979b1b8cafa8
      size: 178
    outs:
    - path: figures/dists-latest-week.json
      hash: md5
      md5: be7ee8368f1be3cf4faa9b3a80aa7f6a
      size: 7679
    - path: figures/weekly-dists-24-weeks.json
      hash: md5
      md5: 82ac562d23a0613100ea81bb91992812
      size: 26246
  plot-weekly-energy:
    cmd: calkit xenv -n main -- python scripts/plot-weekly-energy.py
    deps:
    - path: data/activities
      hash: md5
      md5: 88f1664b7e7483b6a4ab0ad5017a32a7.dir
      size: 1197090
      nfiles: 528
    - path: scripts/plot-weekly-energy.py
      hash: md5
      md5: 46ba23f31e1d1d6fab5551057db74715
      size: 489
    outs:
    - path: figures/weekly-energy.json
      hash: md5
      md5: bb4a9ff0a97b4c608dcee444889c1b6b
      size: 9893
