schema: '2.0'
stages:
  auth:
    cmd: calkit xenv -n main -- python scripts/auth.py
    deps:
    - path: requirements.txt
      hash: md5
      md5: 86e8e5d4fb03f671398b92c80b6a71bc
      size: 112
    - path: scripts/auth.py
      hash: md5
      md5: 5c26ba7a7afa68c2b4f5425c7d929468
      size: 2961
    outs:
    - path: .env
      hash: md5
      md5: 494439aeb504237205d52301f0df3c80
      size: 247
  get-data:
    cmd: calkit xenv -n main -- python scripts/get-data.py
    deps:
    - path: requirements.txt
      hash: md5
      md5: 86e8e5d4fb03f671398b92c80b6a71bc
      size: 112
    - path: scripts/get-data.py
      hash: md5
      md5: f804c1f1081cadb1d77a85739fa6dd31
      size: 1244
    outs:
    - path: data/activities
      hash: md5
      md5: fe03d35d5a2cfadb1a40e6186ddca219.dir
      size: 57428
      nfiles: 25
    - path: data/timeseries
      hash: md5
      md5: 355b1a0b9f1ff52247a3cae42e8cd1ae.dir
      size: 2530070
      nfiles: 25
