schema: '2.0'
stages:
  auth:
    cmd: calkit xenv -n main -- python scripts/auth.py
    deps:
    - path: requirements.txt
      hash: md5
      md5: 64fd542fec2d2e48c4aaaba29428d7e7
      size: 145
    - path: scripts/auth.py
      hash: md5
      md5: c60af3e7c9ba2c0984c9ee597ad1a0b6
      size: 3413
    outs:
    - path: .env
      hash: md5
      md5: e053ead1e0da6c0cefe5b35f2f6a69a1
      size: 247
  get-data:
    cmd: calkit xenv -n main -- python scripts/get-data.py
    deps:
    - path: requirements.txt
      hash: md5
      md5: 64fd542fec2d2e48c4aaaba29428d7e7
      size: 145
    - path: scripts/get-data.py
      hash: md5
      md5: f804c1f1081cadb1d77a85739fa6dd31
      size: 1244
    outs:
    - path: data/activities
      hash: md5
      md5: df37b2542076b3a65458af742ca0ef4f.dir
      size: 857646
      nfiles: 370
    - path: data/timeseries
      hash: md5
      md5: 65f89d3078d066f2d8a07c7aa089afd9.dir
      size: 46375528
      nfiles: 370
  plot-weekly-dists:
    cmd: calkit xenv -n main -- python scripts/plot-weekly-dists.py
    deps:
    - path: data/activities
      hash: md5
      md5: df37b2542076b3a65458af742ca0ef4f.dir
      size: 857646
      nfiles: 370
    - path: data/timeseries
      hash: md5
      md5: 65f89d3078d066f2d8a07c7aa089afd9.dir
      size: 46375528
      nfiles: 370
    - path: scripts/plot-weekly-dists.py
      hash: md5
      md5: c775cd41555a4d658bfa2e17c3a16f7e
      size: 2602
    outs:
    - path: figures/weekly-dists
      hash: md5
      md5: 3f0092288f78cab48057e434fb815b8a.dir
      size: 423892
      nfiles: 55
  plot-weekly-energy:
    cmd: calkit xenv -n main -- python scripts/plot-weekly-energy.py
    deps:
    - path: data/activities
      hash: md5
      md5: df37b2542076b3a65458af742ca0ef4f.dir
      size: 857646
      nfiles: 370
    outs:
    - path: figures/weekly-energy.json
      hash: md5
      md5: 1ee43835a4ceb3778f717577a460df82
      size: 9323
